// !$*UTF8*$!
{
	archiveVersion = 1;
	classes = {
	};
	objectVersion = 56;
	objects = {

/* Begin PBXBuildFile section */
		DB8B343A2ABECB240024BB01 /* AppDelegate.swift in Sources */ = {isa = PBXBuildFile; fileRef = DB8B34392ABECB240024BB01 /* AppDelegate.swift */; };
		DB8B343C2ABECB240024BB01 /* SceneDelegate.swift in Sources */ = {isa = PBXBuildFile; fileRef = DB8B343B2ABECB240024BB01 /* SceneDelegate.swift */; };
		DB8B343E2ABECB240024BB01 /* MovieListViewController.swift in Sources */ = {isa = PBXBuildFile; fileRef = DB8B343D2ABECB240024BB01 /* MovieListViewController.swift */; };
		DB8B34412ABECB240024BB01 /* Main.storyboard in Resources */ = {isa = PBXBuildFile; fileRef = DB8B343F2ABECB240024BB01 /* Main.storyboard */; };
		DB8B34442ABECB240024BB01 /* IMDBPhonePe.xcdatamodeld in Sources */ = {isa = PBXBuildFile; fileRef = DB8B34422ABECB240024BB01 /* IMDBPhonePe.xcdatamodeld */; };
		DB8B34462ABECB260024BB01 /* Assets.xcassets in Resources */ = {isa = PBXBuildFile; fileRef = DB8B34452ABECB260024BB01 /* Assets.xcassets */; };
		DB8B34492ABECB260024BB01 /* LaunchScreen.storyboard in Resources */ = {isa = PBXBuildFile; fileRef = DB8B34472ABECB260024BB01 /* LaunchScreen.storyboard */; };
		DB8B34522ABECB6D0024BB01 /* NetworkService.swift in Sources */ = {isa = PBXBuildFile; fileRef = DB8B34512ABECB6D0024BB01 /* NetworkService.swift */; };
		DB8B34542ABECB990024BB01 /* APIBuilder.swift in Sources */ = {isa = PBXBuildFile; fileRef = DB8B34532ABECB990024BB01 /* APIBuilder.swift */; };
		DB8B34572ABECBD90024BB01 /* URLComponents+Extension.swift in Sources */ = {isa = PBXBuildFile; fileRef = DB8B34562ABECBD90024BB01 /* URLComponents+Extension.swift */; };
		DB8B345D2ABECC7D0024BB01 /* MovieListViewModel.swift in Sources */ = {isa = PBXBuildFile; fileRef = DB8B345C2ABECC7D0024BB01 /* MovieListViewModel.swift */; };
		DB8B34602ABECCB70024BB01 /* CoreDataWrapper.swift in Sources */ = {isa = PBXBuildFile; fileRef = DB8B345F2ABECCB70024BB01 /* CoreDataWrapper.swift */; };
		DB8B34622ABECCC70024BB01 /* DatabaseService.swift in Sources */ = {isa = PBXBuildFile; fileRef = DB8B34612ABECCC70024BB01 /* DatabaseService.swift */; };
		DB8B34652ABECF1B0024BB01 /* Movie.swift in Sources */ = {isa = PBXBuildFile; fileRef = DB8B34642ABECF1B0024BB01 /* Movie.swift */; };
		DB8B34682ABED1650024BB01 /* MovieListAPI.swift in Sources */ = {isa = PBXBuildFile; fileRef = DB8B34672ABED1650024BB01 /* MovieListAPI.swift */; };
		DB8B346A2ABED19C0024BB01 /* URLList.swift in Sources */ = {isa = PBXBuildFile; fileRef = DB8B34692ABED19C0024BB01 /* URLList.swift */; };
		DB8B346D2ABED51B0024BB01 /* MovieListService.swift in Sources */ = {isa = PBXBuildFile; fileRef = DB8B346C2ABED51B0024BB01 /* MovieListService.swift */; };
		DB8B34712ABED7020024BB01 /* MovieListTableViewCell.swift in Sources */ = {isa = PBXBuildFile; fileRef = DB8B346F2ABED7020024BB01 /* MovieListTableViewCell.swift */; };
		DB8B34722ABED7020024BB01 /* MovieListTableViewCell.xib in Resources */ = {isa = PBXBuildFile; fileRef = DB8B34702ABED7020024BB01 /* MovieListTableViewCell.xib */; };
		DB8B34752ABEDCF80024BB01 /* MoviesResponse.json in Resources */ = {isa = PBXBuildFile; fileRef = DB8B34742ABEDCF80024BB01 /* MoviesResponse.json */; };
/* End PBXBuildFile section */

/* Begin PBXFileReference section */
		DB8B34362ABECB240024BB01 /* IMDBPhonePe.app */ = {isa = PBXFileReference; explicitFileType = wrapper.application; includeInIndex = 0; path = IMDBPhonePe.app; sourceTree = BUILT_PRODUCTS_DIR; };
		DB8B34392ABECB240024BB01 /* AppDelegate.swift */ = {isa = PBXFileReference; lastKnownFileType = sourcecode.swift; path = AppDelegate.swift; sourceTree = "<group>"; };
		DB8B343B2ABECB240024BB01 /* SceneDelegate.swift */ = {isa = PBXFileReference; lastKnownFileType = sourcecode.swift; path = SceneDelegate.swift; sourceTree = "<group>"; };
		DB8B343D2ABECB240024BB01 /* MovieListViewController.swift */ = {isa = PBXFileReference; lastKnownFileType = sourcecode.swift; path = MovieListViewController.swift; sourceTree = "<group>"; };
		DB8B34402ABECB240024BB01 /* Base */ = {isa = PBXFileReference; lastKnownFileType = file.storyboard; name = Base; path = Base.lproj/Main.storyboard; sourceTree = "<group>"; };
		DB8B34432ABECB240024BB01 /* IMDBPhonePe.xcdatamodel */ = {isa = PBXFileReference; lastKnownFileType = wrapper.xcdatamodel; path = IMDBPhonePe.xcdatamodel; sourceTree = "<group>"; };
		DB8B34452ABECB260024BB01 /* Assets.xcassets */ = {isa = PBXFileReference; lastKnownFileType = folder.assetcatalog; path = Assets.xcassets; sourceTree = "<group>"; };
		DB8B34482ABECB260024BB01 /* Base */ = {isa = PBXFileReference; lastKnownFileType = file.storyboard; name = Base; path = Base.lproj/LaunchScreen.storyboard; sourceTree = "<group>"; };
		DB8B344A2ABECB260024BB01 /* Info.plist */ = {isa = PBXFileReference; lastKnownFileType = text.plist.xml; path = Info.plist; sourceTree = "<group>"; };
		DB8B34512ABECB6D0024BB01 /* NetworkService.swift */ = {isa = PBXFileReference; lastKnownFileType = sourcecode.swift; path = NetworkService.swift; sourceTree = "<group>"; };
		DB8B34532ABECB990024BB01 /* APIBuilder.swift */ = {isa = PBXFileReference; lastKnownFileType = sourcecode.swift; path = APIBuilder.swift; sourceTree = "<group>"; };
		DB8B34562ABECBD90024BB01 /* URLComponents+Extension.swift */ = {isa = PBXFileReference; lastKnownFileType = sourcecode.swift; path = "URLComponents+Extension.swift"; sourceTree = "<group>"; };
		DB8B345C2ABECC7D0024BB01 /* MovieListViewModel.swift */ = {isa = PBXFileReference; lastKnownFileType = sourcecode.swift; path = MovieListViewModel.swift; sourceTree = "<group>"; };
		DB8B345F2ABECCB70024BB01 /* CoreDataWrapper.swift */ = {isa = PBXFileReference; lastKnownFileType = sourcecode.swift; path = CoreDataWrapper.swift; sourceTree = "<group>"; };
		DB8B34612ABECCC70024BB01 /* DatabaseService.swift */ = {isa = PBXFileReference; lastKnownFileType = sourcecode.swift; path = DatabaseService.swift; sourceTree = "<group>"; };
		DB8B34642ABECF1B0024BB01 /* Movie.swift */ = {isa = PBXFileReference; lastKnownFileType = sourcecode.swift; path = Movie.swift; sourceTree = "<group>"; };
		DB8B34672ABED1650024BB01 /* MovieListAPI.swift */ = {isa = PBXFileReference; lastKnownFileType = sourcecode.swift; path = MovieListAPI.swift; sourceTree = "<group>"; };
		DB8B34692ABED19C0024BB01 /* URLList.swift */ = {isa = PBXFileReference; lastKnownFileType = sourcecode.swift; path = URLList.swift; sourceTree = "<group>"; };
		DB8B346C2ABED51B0024BB01 /* MovieListService.swift */ = {isa = PBXFileReference; lastKnownFileType = sourcecode.swift; path = MovieListService.swift; sourceTree = "<group>"; };
		DB8B346F2ABED7020024BB01 /* MovieListTableViewCell.swift */ = {isa = PBXFileReference; lastKnownFileType = sourcecode.swift; path = MovieListTableViewCell.swift; sourceTree = "<group>"; };
		DB8B34702ABED7020024BB01 /* MovieListTableViewCell.xib */ = {isa = PBXFileReference; lastKnownFileType = file.xib; path = MovieListTableViewCell.xib; sourceTree = "<group>"; };
		DB8B34742ABEDCF80024BB01 /* MoviesResponse.json */ = {isa = PBXFileReference; lastKnownFileType = text.json; path = MoviesResponse.json; sourceTree = "<group>"; };
/* End PBXFileReference section */

/* Begin PBXFrameworksBuildPhase section */
		DB8B34332ABECB240024BB01 /* Frameworks */ = {
			isa = PBXFrameworksBuildPhase;
			buildActionMask = 2147483647;
			files = (
			);
			runOnlyForDeploymentPostprocessing = 0;
		};
/* End PBXFrameworksBuildPhase section */

/* Begin PBXGroup section */
		DB8B342D2ABECB240024BB01 = {
			isa = PBXGroup;
			children = (
				DB8B34382ABECB240024BB01 /* IMDBPhonePe */,
				DB8B34372ABECB240024BB01 /* Products */,
			);
			sourceTree = "<group>";
		};
		DB8B34372ABECB240024BB01 /* Products */ = {
			isa = PBXGroup;
			children = (
				DB8B34362ABECB240024BB01 /* IMDBPhonePe.app */,
			);
			name = Products;
			sourceTree = "<group>";
		};
		DB8B34382ABECB240024BB01 /* IMDBPhonePe */ = {
			isa = PBXGroup;
			children = (
				DB8B34732ABEDCBB0024BB01 /* MockData */,
				DB8B34662ABED1580024BB01 /* API */,
				DB8B345E2ABECCA50024BB01 /* DatabaseService */,
				DB8B34582ABECC2D0024BB01 /* MovieList */,
				DB8B34552ABECBBE0024BB01 /* Extensions */,
				DB8B34502ABECB2E0024BB01 /* Utilities */,
				DB8B34392ABECB240024BB01 /* AppDelegate.swift */,
				DB8B343B2ABECB240024BB01 /* SceneDelegate.swift */,
				DB8B34452ABECB260024BB01 /* Assets.xcassets */,
				DB8B34472ABECB260024BB01 /* LaunchScreen.storyboard */,
				DB8B344A2ABECB260024BB01 /* Info.plist */,
				DB8B34422ABECB240024BB01 /* IMDBPhonePe.xcdatamodeld */,
			);
			path = IMDBPhonePe;
			sourceTree = "<group>";
		};
		DB8B34502ABECB2E0024BB01 /* Utilities */ = {
			isa = PBXGroup;
			children = (
				DB8B34512ABECB6D0024BB01 /* NetworkService.swift */,
				DB8B34532ABECB990024BB01 /* APIBuilder.swift */,
				DB8B34692ABED19C0024BB01 /* URLList.swift */,
			);
			path = Utilities;
			sourceTree = "<group>";
		};
		DB8B34552ABECBBE0024BB01 /* Extensions */ = {
			isa = PBXGroup;
			children = (
				DB8B34562ABECBD90024BB01 /* URLComponents+Extension.swift */,
			);
			path = Extensions;
			sourceTree = "<group>";
		};
		DB8B34582ABECC2D0024BB01 /* MovieList */ = {
			isa = PBXGroup;
			children = (
				DB8B346B2ABED5030024BB01 /* MovieListService */,
				DB8B34632ABECE2B0024BB01 /* Controller */,
				DB8B345B2ABECC6B0024BB01 /* View */,
				DB8B345A2ABECC500024BB01 /* ViewModel */,
				DB8B34592ABECC490024BB01 /* Models */,
			);
			path = MovieList;
			sourceTree = "<group>";
		};
		DB8B34592ABECC490024BB01 /* Models */ = {
			isa = PBXGroup;
			children = (
				DB8B34642ABECF1B0024BB01 /* Movie.swift */,
			);
			path = Models;
			sourceTree = "<group>";
		};
		DB8B345A2ABECC500024BB01 /* ViewModel */ = {
			isa = PBXGroup;
			children = (
				DB8B345C2ABECC7D0024BB01 /* MovieListViewModel.swift */,
			);
			path = ViewModel;
			sourceTree = "<group>";
		};
		DB8B345B2ABECC6B0024BB01 /* View */ = {
			isa = PBXGroup;
			children = (
				DB8B346E2ABED6D10024BB01 /* Cells */,
				DB8B343F2ABECB240024BB01 /* Main.storyboard */,
			);
			path = View;
			sourceTree = "<group>";
		};
		DB8B345E2ABECCA50024BB01 /* DatabaseService */ = {
			isa = PBXGroup;
			children = (
				DB8B345F2ABECCB70024BB01 /* CoreDataWrapper.swift */,
				DB8B34612ABECCC70024BB01 /* DatabaseService.swift */,
			);
			path = DatabaseService;
			sourceTree = "<group>";
		};
		DB8B34632ABECE2B0024BB01 /* Controller */ = {
			isa = PBXGroup;
			children = (
				DB8B343D2ABECB240024BB01 /* MovieListViewController.swift */,
			);
			path = Controller;
			sourceTree = "<group>";
		};
		DB8B34662ABED1580024BB01 /* API */ = {
			isa = PBXGroup;
			children = (
				DB8B34672ABED1650024BB01 /* MovieListAPI.swift */,
			);
			path = API;
			sourceTree = "<group>";
		};
		DB8B346B2ABED5030024BB01 /* MovieListService */ = {
			isa = PBXGroup;
			children = (
				DB8B346C2ABED51B0024BB01 /* MovieListService.swift */,
			);
			path = MovieListService;
			sourceTree = "<group>";
		};
		DB8B346E2ABED6D10024BB01 /* Cells */ = {
			isa = PBXGroup;
			children = (
				DB8B34762ABEE7150024BB01 /* MovieListCell */,
			);
			path = Cells;
			sourceTree = "<group>";
		};
		DB8B34732ABEDCBB0024BB01 /* MockData */ = {
			isa = PBXGroup;
			children = (
				DB8B34742ABEDCF80024BB01 /* MoviesResponse.json */,
			);
			path = MockData;
			sourceTree = "<group>";
		};
		DB8B34762ABEE7150024BB01 /* MovieListCell */ = {
			isa = PBXGroup;
			children = (
				DB8B346F2ABED7020024BB01 /* MovieListTableViewCell.swift */,
				DB8B34702ABED7020024BB01 /* MovieListTableViewCell.xib */,
			);
			path = MovieListCell;
			sourceTree = "<group>";
		};
/* End PBXGroup section */

/* Begin PBXNativeTarget section */
		DB8B34352ABECB240024BB01 /* IMDBPhonePe */ = {
			isa = PBXNativeTarget;
			buildConfigurationList = DB8B344D2ABECB260024BB01 /* Build configuration list for PBXNativeTarget "IMDBPhonePe" */;
			buildPhases = (
				DB8B34322ABECB240024BB01 /* Sources */,
				DB8B34332ABECB240024BB01 /* Frameworks */,
				DB8B34342ABECB240024BB01 /* Resources */,
			);
			buildRules = (
			);
			dependencies = (
			);
			name = IMDBPhonePe;
			productName = IMDBPhonePe;
			productReference = DB8B34362ABECB240024BB01 /* IMDBPhonePe.app */;
			productType = "com.apple.product-type.application";
		};
/* End PBXNativeTarget section */

/* Begin PBXProject section */
		DB8B342E2ABECB240024BB01 /* Project object */ = {
			isa = PBXProject;
			attributes = {
				BuildIndependentTargetsInParallel = 1;
				LastSwiftUpdateCheck = 1430;
				LastUpgradeCheck = 1430;
				TargetAttributes = {
					DB8B34352ABECB240024BB01 = {
						CreatedOnToolsVersion = 14.3.1;
					};
				};
			};
			buildConfigurationList = DB8B34312ABECB240024BB01 /* Build configuration list for PBXProject "IMDBPhonePe" */;
			compatibilityVersion = "Xcode 14.0";
			developmentRegion = en;
			hasScannedForEncodings = 0;
			knownRegions = (
				en,
				Base,
			);
			mainGroup = DB8B342D2ABECB240024BB01;
			productRefGroup = DB8B34372ABECB240024BB01 /* Products */;
			projectDirPath = "";
			projectRoot = "";
			targets = (
				DB8B34352ABECB240024BB01 /* IMDBPhonePe */,
			);
		};
/* End PBXProject section */

/* Begin PBXResourcesBuildPhase section */
		DB8B34342ABECB240024BB01 /* Resources */ = {
			isa = PBXResourcesBuildPhase;
			buildActionMask = 2147483647;
			files = (
				DB8B34492ABECB260024BB01 /* LaunchScreen.storyboard in Resources */,
				DB8B34462ABECB260024BB01 /* Assets.xcassets in Resources */,
				DB8B34722ABED7020024BB01 /* MovieListTableViewCell.xib in Resources */,
				DB8B34412ABECB240024BB01 /* Main.storyboard in Resources */,
				DB8B34752ABEDCF80024BB01 /* MoviesResponse.json in Resources */,
			);
			runOnlyForDeploymentPostprocessing = 0;
		};
/* End PBXResourcesBuildPhase section */

/* Begin PBXSourcesBuildPhase section */
		DB8B34322ABECB240024BB01 /* Sources */ = {
			isa = PBXSourcesBuildPhase;
			buildActionMask = 2147483647;
			files = (
				DB8B343E2ABECB240024BB01 /* MovieListViewController.swift in Sources */,
				DB8B343A2ABECB240024BB01 /* AppDelegate.swift in Sources */,
				DB8B34602ABECCB70024BB01 /* CoreDataWrapper.swift in Sources */,
				DB8B34542ABECB990024BB01 /* APIBuilder.swift in Sources */,
				DB8B345D2ABECC7D0024BB01 /* MovieListViewModel.swift in Sources */,
				DB8B34572ABECBD90024BB01 /* URLComponents+Extension.swift in Sources */,
				DB8B34622ABECCC70024BB01 /* DatabaseService.swift in Sources */,
				DB8B34682ABED1650024BB01 /* MovieListAPI.swift in Sources */,
				DB8B343C2ABECB240024BB01 /* SceneDelegate.swift in Sources */,
				DB8B34522ABECB6D0024BB01 /* NetworkService.swift in Sources */,
				DB8B34652ABECF1B0024BB01 /* Movie.swift in Sources */,
				DB8B34442ABECB240024BB01 /* IMDBPhonePe.xcdatamodeld in Sources */,
				DB8B346D2ABED51B0024BB01 /* MovieListService.swift in Sources */,
				DB8B34712ABED7020024BB01 /* MovieListTableViewCell.swift in Sources */,
				DB8B346A2ABED19C0024BB01 /* URLList.swift in Sources */,
			);
			runOnlyForDeploymentPostprocessing = 0;
		};
/* End PBXSourcesBuildPhase section */

/* Begin PBXVariantGroup section */
		DB8B343F2ABECB240024BB01 /* Main.storyboard */ = {
			isa = PBXVariantGroup;
			children = (
				DB8B34402ABECB240024BB01 /* Base */,
			);
			name = Main.storyboard;
			sourceTree = "<group>";
		};
		DB8B34472ABECB260024BB01 /* LaunchScreen.storyboard */ = {
			isa = PBXVariantGroup;
			children = (
				DB8B34482ABECB260024BB01 /* Base */,
			);
			name = LaunchScreen.storyboard;
			sourceTree = "<group>";
		};
/* End PBXVariantGroup section */

/* Begin XCBuildConfiguration section */
		DB8B344B2ABECB260024BB01 /* Debug */ = {
			isa = XCBuildConfiguration;
			buildSettings = {
				ALWAYS_SEARCH_USER_PATHS = NO;
				CLANG_ANALYZER_NONNULL = YES;
				CLANG_ANALYZER_NUMBER_OBJECT_CONVERSION = YES_AGGRESSIVE;
				CLANG_CXX_LANGUAGE_STANDARD = "gnu++20";
				CLANG_ENABLE_MODULES = YES;
				CLANG_ENABLE_OBJC_ARC = YES;
				CLANG_ENABLE_OBJC_WEAK = YES;
				CLANG_WARN_BLOCK_CAPTURE_AUTORELEASING = YES;
				CLANG_WARN_BOOL_CONVERSION = YES;
				CLANG_WARN_COMMA = YES;
				CLANG_WARN_CONSTANT_CONVERSION = YES;
				CLANG_WARN_DEPRECATED_OBJC_IMPLEMENTATIONS = YES;
				CLANG_WARN_DIRECT_OBJC_ISA_USAGE = YES_ERROR;
				CLANG_WARN_DOCUMENTATION_COMMENTS = YES;
				CLANG_WARN_EMPTY_BODY = YES;
				CLANG_WARN_ENUM_CONVERSION = YES;
				CLANG_WARN_INFINITE_RECURSION = YES;
				CLANG_WARN_INT_CONVERSION = YES;
				CLANG_WARN_NON_LITERAL_NULL_CONVERSION = YES;
				CLANG_WARN_OBJC_IMPLICIT_RETAIN_SELF = YES;
				CLANG_WARN_OBJC_LITERAL_CONVERSION = YES;
				CLANG_WARN_OBJC_ROOT_CLASS = YES_ERROR;
				CLANG_WARN_QUOTED_INCLUDE_IN_FRAMEWORK_HEADER = YES;
				CLANG_WARN_RANGE_LOOP_ANALYSIS = YES;
				CLANG_WARN_STRICT_PROTOTYPES = YES;
				CLANG_WARN_SUSPICIOUS_MOVE = YES;
				CLANG_WARN_UNGUARDED_AVAILABILITY = YES_AGGRESSIVE;
				CLANG_WARN_UNREACHABLE_CODE = YES;
				CLANG_WARN__DUPLICATE_METHOD_MATCH = YES;
				COPY_PHASE_STRIP = NO;
				DEBUG_INFORMATION_FORMAT = dwarf;
				ENABLE_STRICT_OBJC_MSGSEND = YES;
				ENABLE_TESTABILITY = YES;
				GCC_C_LANGUAGE_STANDARD = gnu11;
				GCC_DYNAMIC_NO_PIC = NO;
				GCC_NO_COMMON_BLOCKS = YES;
				GCC_OPTIMIZATION_LEVEL = 0;
				GCC_PREPROCESSOR_DEFINITIONS = (
					"DEBUG=1",
					"$(inherited)",
				);
				GCC_WARN_64_TO_32_BIT_CONVERSION = YES;
				GCC_WARN_ABOUT_RETURN_TYPE = YES_ERROR;
				GCC_WARN_UNDECLARED_SELECTOR = YES;
				GCC_WARN_UNINITIALIZED_AUTOS = YES_AGGRESSIVE;
				GCC_WARN_UNUSED_FUNCTION = YES;
				GCC_WARN_UNUSED_VARIABLE = YES;
				IPHONEOS_DEPLOYMENT_TARGET = 16.4;
				MTL_ENABLE_DEBUG_INFO = INCLUDE_SOURCE;
				MTL_FAST_MATH = YES;
				ONLY_ACTIVE_ARCH = YES;
				SDKROOT = iphoneos;
				SWIFT_ACTIVE_COMPILATION_CONDITIONS = DEBUG;
				SWIFT_OPTIMIZATION_LEVEL = "-Onone";
			};
			name = Debug;
		};
		DB8B344C2ABECB260024BB01 /* Release */ = {
			isa = XCBuildConfiguration;
			buildSettings = {
				ALWAYS_SEARCH_USER_PATHS = NO;
				CLANG_ANALYZER_NONNULL = YES;
				CLANG_ANALYZER_NUMBER_OBJECT_CONVERSION = YES_AGGRESSIVE;
				CLANG_CXX_LANGUAGE_STANDARD = "gnu++20";
				CLANG_ENABLE_MODULES = YES;
				CLANG_ENABLE_OBJC_ARC = YES;
				CLANG_ENABLE_OBJC_WEAK = YES;
				CLANG_WARN_BLOCK_CAPTURE_AUTORELEASING = YES;
				CLANG_WARN_BOOL_CONVERSION = YES;
				CLANG_WARN_COMMA = YES;
				CLANG_WARN_CONSTANT_CONVERSION = YES;
				CLANG_WARN_DEPRECATED_OBJC_IMPLEMENTATIONS = YES;
				CLANG_WARN_DIRECT_OBJC_ISA_USAGE = YES_ERROR;
				CLANG_WARN_DOCUMENTATION_COMMENTS = YES;
				CLANG_WARN_EMPTY_BODY = YES;
				CLANG_WARN_ENUM_CONVERSION = YES;
				CLANG_WARN_INFINITE_RECURSION = YES;
				CLANG_WARN_INT_CONVERSION = YES;
				CLANG_WARN_NON_LITERAL_NULL_CONVERSION = YES;
				CLANG_WARN_OBJC_IMPLICIT_RETAIN_SELF = YES;
				CLANG_WARN_OBJC_LITERAL_CONVERSION = YES;
				CLANG_WARN_OBJC_ROOT_CLASS = YES_ERROR;
				CLANG_WARN_QUOTED_INCLUDE_IN_FRAMEWORK_HEADER = YES;
				CLANG_WARN_RANGE_LOOP_ANALYSIS = YES;
				CLANG_WARN_STRICT_PROTOTYPES = YES;
				CLANG_WARN_SUSPICIOUS_MOVE = YES;
				CLANG_WARN_UNGUARDED_AVAILABILITY = YES_AGGRESSIVE;
				CLANG_WARN_UNREACHABLE_CODE = YES;
				CLANG_WARN__DUPLICATE_METHOD_MATCH = YES;
				COPY_PHASE_STRIP = NO;
				DEBUG_INFORMATION_FORMAT = "dwarf-with-dsym";
				ENABLE_NS_ASSERTIONS = NO;
				ENABLE_STRICT_OBJC_MSGSEND = YES;
				GCC_C_LANGUAGE_STANDARD = gnu11;
				GCC_NO_COMMON_BLOCKS = YES;
				GCC_WARN_64_TO_32_BIT_CONVERSION = YES;
				GCC_WARN_ABOUT_RETURN_TYPE = YES_ERROR;
				GCC_WARN_UNDECLARED_SELECTOR = YES;
				GCC_WARN_UNINITIALIZED_AUTOS = YES_AGGRESSIVE;
				GCC_WARN_UNUSED_FUNCTION = YES;
				GCC_WARN_UNUSED_VARIABLE = YES;
				IPHONEOS_DEPLOYMENT_TARGET = 16.4;
				MTL_ENABLE_DEBUG_INFO = NO;
				MTL_FAST_MATH = YES;
				SDKROOT = iphoneos;
				SWIFT_COMPILATION_MODE = wholemodule;
				SWIFT_OPTIMIZATION_LEVEL = "-O";
				VALIDATE_PRODUCT = YES;
			};
			name = Release;
		};
		DB8B344E2ABECB260024BB01 /* Debug */ = {
			isa = XCBuildConfiguration;
			buildSettings = {
				ASSETCATALOG_COMPILER_APPICON_NAME = AppIcon;
				ASSETCATALOG_COMPILER_GLOBAL_ACCENT_COLOR_NAME = AccentColor;
				CODE_SIGN_STYLE = Automatic;
				CURRENT_PROJECT_VERSION = 1;
				DEVELOPMENT_TEAM = H32FDJY7VY;
				GENERATE_INFOPLIST_FILE = YES;
				INFOPLIST_FILE = IMDBPhonePe/Info.plist;
				INFOPLIST_KEY_UIApplicationSupportsIndirectInputEvents = YES;
				INFOPLIST_KEY_UILaunchStoryboardName = LaunchScreen;
				INFOPLIST_KEY_UIMainStoryboardFile = Main;
				INFOPLIST_KEY_UISupportedInterfaceOrientations_iPad = "UIInterfaceOrientationPortrait UIInterfaceOrientationPortraitUpsideDown UIInterfaceOrientationLandscapeLeft UIInterfaceOrientationLandscapeRight";
				INFOPLIST_KEY_UISupportedInterfaceOrientations_iPhone = "UIInterfaceOrientationPortrait UIInterfaceOrientationLandscapeLeft UIInterfaceOrientationLandscapeRight";
				LD_RUNPATH_SEARCH_PATHS = (
					"$(inherited)",
					"@executable_path/Frameworks",
				);
				MARKETING_VERSION = 1.0;
				PRODUCT_BUNDLE_IDENTIFIER = Personal.IMDBPhonePe;
				PRODUCT_NAME = "$(TARGET_NAME)";
				SWIFT_EMIT_LOC_STRINGS = YES;
				SWIFT_VERSION = 5.0;
				TARGETED_DEVICE_FAMILY = "1,2";
			};
			name = Debug;
		};
		DB8B344F2ABECB260024BB01 /* Release */ = {
			isa = XCBuildConfiguration;
			buildSettings = {
				ASSETCATALOG_COMPILER_APPICON_NAME = AppIcon;
				ASSETCATALOG_COMPILER_GLOBAL_ACCENT_COLOR_NAME = AccentColor;
				CODE_SIGN_STYLE = Automatic;
				CURRENT_PROJECT_VERSION = 1;
				DEVELOPMENT_TEAM = H32FDJY7VY;
				GENERATE_INFOPLIST_FILE = YES;
				INFOPLIST_FILE = IMDBPhonePe/Info.plist;
				INFOPLIST_KEY_UIApplicationSupportsIndirectInputEvents = YES;
				INFOPLIST_KEY_UILaunchStoryboardName = LaunchScreen;
				INFOPLIST_KEY_UIMainStoryboardFile = Main;
				INFOPLIST_KEY_UISupportedInterfaceOrientations_iPad = "UIInterfaceOrientationPortrait UIInterfaceOrientationPortraitUpsideDown UIInterfaceOrientationLandscapeLeft UIInterfaceOrientationLandscapeRight";
				INFOPLIST_KEY_UISupportedInterfaceOrientations_iPhone = "UIInterfaceOrientationPortrait UIInterfaceOrientationLandscapeLeft UIInterfaceOrientationLandscapeRight";
				LD_RUNPATH_SEARCH_PATHS = (
					"$(inherited)",
					"@executable_path/Frameworks",
				);
				MARKETING_VERSION = 1.0;
				PRODUCT_BUNDLE_IDENTIFIER = Personal.IMDBPhonePe;
				PRODUCT_NAME = "$(TARGET_NAME)";
				SWIFT_EMIT_LOC_STRINGS = YES;
				SWIFT_VERSION = 5.0;
				TARGETED_DEVICE_FAMILY = "1,2";
			};
			name = Release;
		};
/* End XCBuildConfiguration section */

/* Begin XCConfigurationList section */
		DB8B34312ABECB240024BB01 /* Build configuration list for PBXProject "IMDBPhonePe" */ = {
			isa = XCConfigurationList;
			buildConfigurations = (
				DB8B344B2ABECB260024BB01 /* Debug */,
				DB8B344C2ABECB260024BB01 /* Release */,
			);
			defaultConfigurationIsVisible = 0;
			defaultConfigurationName = Release;
		};
		DB8B344D2ABECB260024BB01 /* Build configuration list for PBXNativeTarget "IMDBPhonePe" */ = {
			isa = XCConfigurationList;
			buildConfigurations = (
				DB8B344E2ABECB260024BB01 /* Debug */,
				DB8B344F2ABECB260024BB01 /* Release */,
			);
			defaultConfigurationIsVisible = 0;
			defaultConfigurationName = Release;
		};
/* End XCConfigurationList section */

/* Begin XCVersionGroup section */
		DB8B34422ABECB240024BB01 /* IMDBPhonePe.xcdatamodeld */ = {
			isa = XCVersionGroup;
			children = (
				DB8B34432ABECB240024BB01 /* IMDBPhonePe.xcdatamodel */,
			);
			currentVersion = DB8B34432ABECB240024BB01 /* IMDBPhonePe.xcdatamodel */;
			path = IMDBPhonePe.xcdatamodeld;
			sourceTree = "<group>";
			versionGroupType = wrapper.xcdatamodel;
		};
/* End XCVersionGroup section */
	};
	rootObject = DB8B342E2ABECB240024BB01 /* Project object */;
}
